{
  "version": "5",
  "specifiers": {
    "jsr:@mutasaurus/mutasaurus@~0.1.5": "0.1.5",
    "jsr:@std/assert@^1.0.19": "1.0.19",
    "jsr:@std/expect@^1.0.20": "1.0.20",
    "jsr:@std/fs@^1.0.23": "1.0.24",
    "jsr:@std/internal@^1.0.12": "1.0.14",
    "jsr:@std/internal@^1.0.14": "1.0.14",
    "jsr:@std/path@^1.1.5": "1.1.6",
    "jsr:@std/path@^1.1.6": "1.1.6",
    "npm:@oxc-project/types@0.132.0": "0.132.0",
    "npm:oxc-parser@0.153": "0.153.0",
    "npm:oxc-walker@1.0.0": "1.0.0_oxc-parser@0.153.0"
  },
  "jsr": {
    "@mutasaurus/mutasaurus@0.1.5": {
      "integrity": "18e9de3515fc9607f108ef691f50d3a5317f95e256f9071e4c5f86a2507fc354",
      "dependencies": [
        "jsr:@std/fs",
        "npm:@oxc-project/types",
        "npm:oxc-walker"
      ]
    },
    "@std/assert@1.0.19": {
      "integrity": "eaada96ee120cb980bc47e040f82814d786fe8162ecc53c91d8df60b8755991e",
      "dependencies": [
        "jsr:@std/internal@^1.0.12"
      ]
    },
    "@std/expect@1.0.20": {
      "integrity": "ffc4f3c33f732417e3e9acf3d995818c89984313c37d933b9ebbb4571d2887e9",
      "dependencies": [
        "jsr:@std/assert",
        "jsr:@std/internal@^1.0.14",
        "jsr:@std/path@^1.1.6"
      ]
    },
    "@std/fs@1.0.24": {
      "integrity": "f3061b45b81673a2bece689da041df32d174be064c89eb6397fb5718d3fb7877",
      "dependencies": [
        "jsr:@std/internal@^1.0.14",
        "jsr:@std/path@^1.1.5"
      ]
    },
    "@std/internal@1.0.14": {
      "integrity": "291516b3d4c35024d6ffbc0a9df5bf4c64116e05b50012cf846710152d2ffdf7"
    },
    "@std/path@1.1.6": {
      "integrity": "c68485c2a4dfbb5ae3cc74fae4e8c4e5d874cf8a8ed12927917235c758b46cbe",
      "dependencies": [
        "jsr:@std/internal@^1.0.14"
      ]
    }
  },
  "npm": {
    "@jridgewell/gen-mapping@0.3.13": {
      "integrity": "sha512-2kkt/7niJ6MgEPxF0bYdQ6etZaA+fQvDcLKckhy1yIQOzaoKjBBjSj63/aLVjYE3qhRt5dvM+uUyfCg6UKCBbA==",
      "dependencies": [
        "@jridgewell/sourcemap-codec",
        "@jridgewell/trace-mapping"
      ]
    },
    "@jridgewell/remapping@2.3.5": {
      "integrity": "sha512-LI9u/+laYG4Ds1TDKSJW2YPrIlcVYOwi2fUC6xB43lueCjgxV4lffOCZCtYFiH6TNOX+tQKXx97T4IKHbhyHEQ==",
      "dependencies": [
        "@jridgewell/gen-mapping",
        "@jridgewell/trace-mapping"
      ]
    },
    "@jridgewell/resolve-uri@3.1.2": {
      "integrity": "sha512-bRISgCIjP20/tbWSPWMEi54QVPRZExkuD9lJL+UIxUKtwVJA8wW1Trb1jMs1RFXo1CBTNZ/5hpC9QvmKWdopKw=="
    },
    "@jridgewell/sourcemap-codec@1.6.0": {
      "integrity": "sha512-T7jf+5zgsZHwNJ4lvQ7/aezbyk0nNX+zJVWpmHA7VYsEx7a7qr5Rg5IbtJFqkgze5Y2sruq1RUY8Q837Od7iFw=="
    },
    "@jridgewell/trace-mapping@0.3.31": {
      "integrity": "sha512-zzNR+SdQSDJzc8joaeP8QQoCQr8NuYx2dIIytl1QeBEZHJ9uW6hebsrYgbz8hJwUQao3TWCMtmfV8Nu1twOLAw==",
      "dependencies": [
        "@jridgewell/resolve-uri",
        "@jridgewell/sourcemap-codec"
      ]
    },
    "@oxc-parser/binding-android-arm-eabi@0.153.0": {
      "integrity": "sha512-BcWu25dMwMjHpaDCEidmpAi7rGg1qZoihJeUUH9bD55pVZ0z4Wa5CQgqSTo0R41H81oozisQKW3WqvAN2m77IQ==",
      "os": ["android"],
      "cpu": ["arm"]
    },
    "@oxc-parser/binding-android-arm64@0.153.0": {
      "integrity": "sha512-9l5rdp2DhRqVriBHsNpu5cEf+hizZ4B58rt93HzyQEBUgZiC6qe2oFpaAAnXGCxHGnQExI1s7S2G0QhFacUZ6w==",
      "os": ["android"],
      "cpu": ["arm64"]
    },
    "@oxc-parser/binding-darwin-arm64@0.153.0": {
      "integrity": "sha512-EcpsyRXHhENDpekpG4QNaSZj2F/BAz4Gh4o89zZwNss86R8KyRSQ6sXbAj74Xyeb4z3j/yBZZ6joQZhraIWyfw==",
      "os": ["darwin"],
      "cpu": ["arm64"]
    },
    "@oxc-parser/binding-darwin-x64@0.153.0": {
      "integrity": "sha512-hlj80HUQy07/2lYp6rmxH+3u+H2ik3rjLR52CUdPApxmZCNxASDUf/+ykTzAHS/fehftmVMATKvPaWmuLHuasg==",
      "os": ["darwin"],
      "cpu": ["x64"]
    },
    "@oxc-parser/binding-freebsd-x64@0.153.0": {
      "integrity": "sha512-fWRcv2pMSh1qtez46MOu8vuUJ5fiaQZPHSphbWulbL7SHBMKfRgZl2PzjXZYQJbq7NEXyXbgIuIuUm+/Rmkv8w==",
      "os": ["freebsd"],
      "cpu": ["x64"]
    },
    "@oxc-parser/binding-linux-arm-gnueabihf@0.153.0": {
      "integrity": "sha512-paZeUK1GXShl/bOJQET1/8AQxayFeuN4SIWAkgTRxE7ZQwv9uYSB2n0648smygP22N7jcI3zxAm0Z+ALNiIKxg==",
      "os": ["linux"],
      "cpu": ["arm"]
    },
    "@oxc-parser/binding-linux-arm-musleabihf@0.153.0": {
      "integrity": "sha512-qFPp5NwMf4K1C0O+DCVGmcbOaYyYAq98Rvv9p4VSfb777iUwlJCqMUxf6QG9N5f5ls4TEX6LitOZHi+6GL6rYQ==",
      "os": ["linux"],
      "cpu": ["arm"]
    },
    "@oxc-parser/binding-linux-arm64-gnu@0.153.0": {
      "integrity": "sha512-oufEhZCX7saeo27Logra8cvBR1jQ/yw2zUI2hHmWw3qA/XYqEW31FOvLQBv7DWN32NjVdlcaP11WBBZTJo4k9g==",
      "os": ["linux"],
      "cpu": ["arm64"]
    },
    "@oxc-parser/binding-linux-arm64-musl@0.153.0": {
      "integrity": "sha512-zXYzuAqng85h6+LI3iRm0zeMLX1/K2z41ZAMWxVRgt0D10VvZUaV5q+TEB46KDhoKBpdexoTLC6QoB/EiP2oqQ==",
      "os": ["linux"],
      "cpu": ["arm64"]
    },
    "@oxc-parser/binding-linux-ppc64-gnu@0.153.0": {
      "integrity": "sha512-J7+NLwLEzdkKM9cKyPHH/AjXXstWOs98KYgLrPPnO4N9MO8EZRBfPNnBcS3S67uMOBkRpUmCl2FhRnWdQ5CbBA==",
      "os": ["linux"],
      "cpu": ["ppc64"]
    },
    "@oxc-parser/binding-linux-riscv64-gnu@0.153.0": {
      "integrity": "sha512-sD0K11GQTLWylln54nPMMTtgmBbQrR5It/vMpZpy/fogiw8O2AvIE+9LuWUXddrWk9zvFIHGRcSgFn4IHOfoYg==",
      "os": ["linux"],
      "cpu": ["riscv64"]
    },
    "@oxc-parser/binding-linux-riscv64-musl@0.153.0": {
      "integrity": "sha512-7L66uql2BhvSz51LwfExjOdn6et/ydTiQxl23VApdKzJhTc3TczA1Qt6VR/UcvlQrL2ZbytIJb447vh7p5wmUw==",
      "os": ["linux"],
      "cpu": ["riscv64"]
    },
    "@oxc-parser/binding-linux-s390x-gnu@0.153.0": {
      "integrity": "sha512-hXV3T7mNyrPR19rbPYkglkQJtoM/UNo/xwbZeeqdAxEg8PXgb4LXXuxPpGgI4bzRRCWwLUxdDSS58xIyC2u1TA==",
      "os": ["linux"],
      "cpu": ["s390x"]
    },
    "@oxc-parser/binding-linux-x64-gnu@0.153.0": {
      "integrity": "sha512-Da8Vqs1xdtoDYtEjmozD7wGgJeLBQkMbR0WUBECOSxodyX5DXy8ySlvJWbukyO2Q0+TM9EK+4LT6tbq0jCg4hQ==",
      "os": ["linux"],
      "cpu": ["x64"]
    },
    "@oxc-parser/binding-linux-x64-musl@0.153.0": {
      "integrity": "sha512-zGAPxNTIIw6X5WyTRscIFE/oDjpdNtrrl32ing6NOXdGjzRucadnxBilexLdeYQ9YxixF93GujpXyQ0jw7ddSg==",
      "os": ["linux"],
      "cpu": ["x64"]
    },
    "@oxc-parser/binding-openharmony-arm64@0.153.0": {
      "integrity": "sha512-GoHzpqP5XyPIp9DHokoEdCp+K4UPl/h1neFj1uXnUB3pJYyOQ7NOhFVOttNUgCGcj2eywAvu5cRivTOSq4S10g==",
      "os": ["openharmony"],
      "cpu": ["arm64"]
    },
    "@oxc-parser/binding-win32-arm64-msvc@0.153.0": {
      "integrity": "sha512-xGcy12tO9k7zFbeyQzEuilfWfQpyRq23/fLPfN3wjSWuWv58k46fQT1hsO1KFNykZuVGW9xSJE/z592TmAoSDA==",
      "os": ["win32"],
      "cpu": ["arm64"]
    },
    "@oxc-parser/binding-win32-ia32-msvc@0.153.0": {
      "integrity": "sha512-o1ykUjWncvXX6N5a4KebgLjtD8zRui+f1llMhSGoSC9oP2KOqapRpdwmZ3NcNG0axFouwVKmhGBjd+IhA8BksA==",
      "os": ["win32"],
      "cpu": ["ia32"]
    },
    "@oxc-parser/binding-win32-x64-msvc@0.153.0": {
      "integrity": "sha512-gxQz7G96Up136fd+2zWrP+o6FYGs9NO4Dyv55IoeJFJUDwLFHcLYY11hhA5wQKs0HoM57Q8esQ3nEVhnCdsjAQ==",
      "os": ["win32"],
      "cpu": ["x64"]
    },
    "@oxc-project/types@0.132.0": {
      "integrity": "sha512-FESMOxil5Se014ui/Eq8fT5uHJo6nIRwH0PfJrZJXs6Gek3ZVFOrpUv3YIZT20m+extU98Hg1Ym72U58rlsxUQ=="
    },
    "@oxc-project/types@0.153.0": {
      "integrity": "sha512-jSNrRIyvPVLL5E1z/tS5zLAprosGz/FuI1PWwEOz59j3E4TTTzSpqKb/RDGqJhhW0QHYISGXxq582wGx6T11Tw=="
    },
    "magic-regexp@0.11.2": {
      "integrity": "sha512-s4i7mq2jJnkB5J1HDX67GmdRoWrgo8tE0cL91bKO+HaquxyR5TiqkjVfLhgS2PXretsN/Gv9kSnRBgQxrLO/Qw==",
      "dependencies": [
        "magic-string",
        "regexp-tree",
        "type-level-regexp",
        "unplugin"
      ]
    },
    "magic-string@1.4.3": {
      "integrity": "sha512-z12OxmaPGE0F4xlpGdjuAUckipLpQlTAuAmyGhNoD7ODpYUzvDfvtxUbjM/jwznyP178oju/KDdyi220wNJ0RQ==",
      "dependencies": [
        "@jridgewell/sourcemap-codec"
      ]
    },
    "oxc-parser@0.153.0": {
      "integrity": "sha512-cEnpyyV1OJRXv++SFNw0z8i+2o/cr88rVLaOYJafELDoHM5yHvCAbwGRLvxuany6SNLcbblSMUyZaGzH+quSYg==",
      "dependencies": [
        "@oxc-project/types@0.153.0"
      ],
      "optionalDependencies": [
        "@oxc-parser/binding-android-arm-eabi",
        "@oxc-parser/binding-android-arm64",
        "@oxc-parser/binding-darwin-arm64",
        "@oxc-parser/binding-darwin-x64",
        "@oxc-parser/binding-freebsd-x64",
        "@oxc-parser/binding-linux-arm-gnueabihf",
        "@oxc-parser/binding-linux-arm-musleabihf",
        "@oxc-parser/binding-linux-arm64-gnu",
        "@oxc-parser/binding-linux-arm64-musl",
        "@oxc-parser/binding-linux-ppc64-gnu",
        "@oxc-parser/binding-linux-riscv64-gnu",
        "@oxc-parser/binding-linux-riscv64-musl",
        "@oxc-parser/binding-linux-s390x-gnu",
        "@oxc-parser/binding-linux-x64-gnu",
        "@oxc-parser/binding-linux-x64-musl",
        "@oxc-parser/binding-openharmony-arm64",
        "@oxc-parser/binding-win32-arm64-msvc",
        "@oxc-parser/binding-win32-ia32-msvc",
        "@oxc-parser/binding-win32-x64-msvc"
      ]
    },
    "oxc-walker@1.0.0_oxc-parser@0.153.0": {
      "integrity": "sha512-eMsHflAGfOskpWxtp9xP/f5b96XLEU8ifTd2gOOCkdux9HMxKGy5S1ru0Gh1B3aPu+YbfmWUUVkcb7MrZz3XyQ==",
      "dependencies": [
        "magic-regexp",
        "oxc-parser"
      ],
      "optionalPeers": [
        "oxc-parser"
      ]
    },
    "picomatch@4.0.7": {
      "integrity": "sha512-qcJu88Q2IWqJsDD529JKMdwGm/dvInW4HvQnRwiH9JtihJvzGOscDtHE3x1pBKeUOTysQ8kVmLnJ2kJu7yhcGA=="
    },
    "regexp-tree@0.1.27": {
      "integrity": "sha512-iETxpjK6YoRWJG5o6hXLwvjYAoW+FEZn9os0PD/b6AP6xQwsa/Y7lCVgIixBbUPMfhu+i2LtdeAqVTgGlQarfA==",
      "bin": true
    },
    "type-level-regexp@0.1.17": {
      "integrity": "sha512-wTk4DH3cxwk196uGLK/E9pE45aLfeKJacKmcEgEOA/q5dnPGNxXt0cfYdFxb57L+sEpf1oJH4Dnx/pnRcku9jg=="
    },
    "unplugin@3.4.0": {
      "integrity": "sha512-9skdIFlCsPdFV7wUfZxNsFInlW+7nJmGu2gkTu0OUhF56aXGsHab9x52/QhdJ4lC7ZDPWTxbiC4ANqVlsuaW3w==",
      "dependencies": [
        "@jridgewell/remapping",
        "picomatch",
        "webpack-virtual-modules"
      ]
    },
    "webpack-virtual-modules@0.6.2": {
      "integrity": "sha512-66/V2i5hQanC51vBQKPH4aI8NMAcBW59FVBs+rC7eGHupMyfn34q7rZIE+ETlJ+XTevqfUhVVBgSUNSW2flEUQ=="
    }
  },
  "workspace": {
    "dependencies": [
      "jsr:@mutasaurus/mutasaurus@~0.1.5",
      "jsr:@std/expect@^1.0.20",
      "jsr:@std/path@^1.1.6",
      "npm:oxc-parser@0.153"
    ]
  }
}
